// !$*UTF8*$!
{
	archiveVersion = 1;
	classes = {
	};
	objectVersion = 50;
	objects = {

/* Begin PBXBuildFile section */
		15953D19214E95560058A5AB /* BookModel.swift in Sources */ = {isa = PBXBuildFile; fileRef = 15953D18214E95560058A5AB /* BookModel.swift */; };
		15A4C5A0214CE8FE008D2B52 /* RootNavigationController.swift in Sources */ = {isa = PBXBuildFile; fileRef = 15A4C59F214CE8FE008D2B52 /* RootNavigationController.swift */; };
		15A4C5A2214CEAC2008D2B52 /* WordViewController.swift in Sources */ = {isa = PBXBuildFile; fileRef = 15A4C5A1214CEAC2008D2B52 /* WordViewController.swift */; };
		15A4C5A5214CEB70008D2B52 /* WordHeaderView.swift in Sources */ = {isa = PBXBuildFile; fileRef = 15A4C5A4214CEB70008D2B52 /* WordHeaderView.swift */; };
		15A4C5A7214CF303008D2B52 /* WordSectionTableViewCell.swift in Sources */ = {isa = PBXBuildFile; fileRef = 15A4C5A6214CF303008D2B52 /* WordSectionTableViewCell.swift */; };
		5491FB709E23E159B652095F /* Pods_PageProject.framework in Frameworks */ = {isa = PBXBuildFile; fileRef = 61B29C1AA2071859559610AB /* Pods_PageProject.framework */; };
		5E035493214A355C0040BC2E /* AppDelegate.swift in Sources */ = {isa = PBXBuildFile; fileRef = 5E035492214A355C0040BC2E /* AppDelegate.swift */; };
		5E035495214A355C0040BC2E /* ViewController.swift in Sources */ = {isa = PBXBuildFile; fileRef = 5E035494214A355C0040BC2E /* ViewController.swift */; };
		5E035498214A355C0040BC2E /* Main.storyboard in Resources */ = {isa = PBXBuildFile; fileRef = 5E035496214A355C0040BC2E /* Main.storyboard */; };
		5E03549B214A355C0040BC2E /* PageProject.xcdatamodeld in Sources */ = {isa = PBXBuildFile; fileRef = 5E035499214A355C0040BC2E /* PageProject.xcdatamodeld */; };
		5E03549D214A355D0040BC2E /* Assets.xcassets in Resources */ = {isa = PBXBuildFile; fileRef = 5E03549C214A355D0040BC2E /* Assets.xcassets */; };
		5E0354A0214A355D0040BC2E /* LaunchScreen.storyboard in Resources */ = {isa = PBXBuildFile; fileRef = 5E03549E214A355D0040BC2E /* LaunchScreen.storyboard */; };
		5E0354AB214A355E0040BC2E /* PageProjectTests.swift in Sources */ = {isa = PBXBuildFile; fileRef = 5E0354AA214A355E0040BC2E /* PageProjectTests.swift */; };
		5E0354B6214A355E0040BC2E /* PageProjectUITests.swift in Sources */ = {isa = PBXBuildFile; fileRef = 5E0354B5214A355E0040BC2E /* PageProjectUITests.swift */; };
		5E0354C5214A37630040BC2E /* ImageTitleView.swift in Sources */ = {isa = PBXBuildFile; fileRef = 5E0354C4214A37630040BC2E /* ImageTitleView.swift */; };
		5E1FCE4A215DCB8B006264CE /* DownListTableViewCell.swift in Sources */ = {isa = PBXBuildFile; fileRef = 5E1FCE48215DCB8B006264CE /* DownListTableViewCell.swift */; };
		5E1FCE4B215DCB8B006264CE /* DownListTableViewCell.xib in Resources */ = {isa = PBXBuildFile; fileRef = 5E1FCE49215DCB8B006264CE /* DownListTableViewCell.xib */; };
		5E1FCE50215E22C3006264CE /* SectionViewController.swift in Sources */ = {isa = PBXBuildFile; fileRef = 5E1FCE4F215E22C3006264CE /* SectionViewController.swift */; };
		5E1FCE57215E236D006264CE /* SectionTableViewCell.swift in Sources */ = {isa = PBXBuildFile; fileRef = 5E1FCE55215E236D006264CE /* SectionTableViewCell.swift */; };
		5E1FCE58215E236D006264CE /* SectionTableViewCell.xib in Resources */ = {isa = PBXBuildFile; fileRef = 5E1FCE56215E236D006264CE /* SectionTableViewCell.xib */; };
		5E210E97215DB9DC00EE80F1 /* DownLoadListViewController.swift in Sources */ = {isa = PBXBuildFile; fileRef = 5E210E96215DB9DC00EE80F1 /* DownLoadListViewController.swift */; };
		5E2E03D72154CA77001D6C48 /* ColorExtension.swift in Sources */ = {isa = PBXBuildFile; fileRef = 5E2E03D62154CA77001D6C48 /* ColorExtension.swift */; };
		5E2E03D92154D523001D6C48 /* RootViewModel.swift in Sources */ = {isa = PBXBuildFile; fileRef = 5E2E03D82154D523001D6C48 /* RootViewModel.swift */; };
		5E2E03DC2154D54A001D6C48 /* BookViewModel.swift in Sources */ = {isa = PBXBuildFile; fileRef = 5E2E03DB2154D54A001D6C48 /* BookViewModel.swift */; };
		5E2E03DE2154DA22001D6C48 /* RootViewController.swift in Sources */ = {isa = PBXBuildFile; fileRef = 5E2E03DD2154DA22001D6C48 /* RootViewController.swift */; };
		5E3F1CCE21605D810012FD42 /* SettingViewController.swift in Sources */ = {isa = PBXBuildFile; fileRef = 5E3F1CCD21605D810012FD42 /* SettingViewController.swift */; };
		5E3F1CD02160A72D0012FD42 /* RootAlertController.swift in Sources */ = {isa = PBXBuildFile; fileRef = 5E3F1CCF2160A72D0012FD42 /* RootAlertController.swift */; };
		5E53F78021749423000FC704 /* ImageTool.swift in Sources */ = {isa = PBXBuildFile; fileRef = 5E53F77F21749423000FC704 /* ImageTool.swift */; };
		5E7E608121747E7700FDF808 /* RootUnShowStatesViewController.swift in Sources */ = {isa = PBXBuildFile; fileRef = 5E7E608021747E7700FDF808 /* RootUnShowStatesViewController.swift */; };
		5E88BCBF21773F44008901D5 /* RootUnNavigationBarViewController.swift in Sources */ = {isa = PBXBuildFile; fileRef = 5E88BCBE21773F44008901D5 /* RootUnNavigationBarViewController.swift */; };
		5E9EFA03217F05CB00D2C687 /* UnitSelectedView.swift in Sources */ = {isa = PBXBuildFile; fileRef = 5E9EFA02217F05CB00D2C687 /* UnitSelectedView.swift */; };
		5E9EFA06217F075A00D2C687 /* UnitSelectedModel.swift in Sources */ = {isa = PBXBuildFile; fileRef = 5E9EFA05217F075A00D2C687 /* UnitSelectedModel.swift */; };
		5E9EFA08217F0C8A00D2C687 /* UnitSelectedButtonView.swift in Sources */ = {isa = PBXBuildFile; fileRef = 5E9EFA07217F0C8A00D2C687 /* UnitSelectedButtonView.swift */; };
		5E9EFA0A217F0CA200D2C687 /* UnitSelectedButtonView.xib in Resources */ = {isa = PBXBuildFile; fileRef = 5E9EFA09217F0CA200D2C687 /* UnitSelectedButtonView.xib */; };
		5EA076562179E236004E6876 /* RootScrollView.swift in Sources */ = {isa = PBXBuildFile; fileRef = 5EA076552179E236004E6876 /* RootScrollView.swift */; };
		5ECD6038215F0B4300074438 /* SectionHeaderView.swift in Sources */ = {isa = PBXBuildFile; fileRef = 5ECD6037215F0B4300074438 /* SectionHeaderView.swift */; };
		5ECD603A215F0B8E00074438 /* SectionHeaderView.xib in Resources */ = {isa = PBXBuildFile; fileRef = 5ECD6039215F0B8E00074438 /* SectionHeaderView.xib */; };
		5EE588CB214B3DBA003221A9 /* BookHeaderTableViewCell.swift in Sources */ = {isa = PBXBuildFile; fileRef = 5EE588C9214B3DBA003221A9 /* BookHeaderTableViewCell.swift */; };
		5EE588CC214B3DBA003221A9 /* BookHeaderTableViewCell.xib in Resources */ = {isa = PBXBuildFile; fileRef = 5EE588CA214B3DBA003221A9 /* BookHeaderTableViewCell.xib */; };
		5EE588CF214B3DCE003221A9 /* BookTableViewCell.swift in Sources */ = {isa = PBXBuildFile; fileRef = 5EE588CD214B3DCE003221A9 /* BookTableViewCell.swift */; };
		5EE588D0214B3DCE003221A9 /* BookTableViewCell.xib in Resources */ = {isa = PBXBuildFile; fileRef = 5EE588CE214B3DCE003221A9 /* BookTableViewCell.xib */; };
		5EE588D2214B3E2F003221A9 /* BookViewController.swift in Sources */ = {isa = PBXBuildFile; fileRef = 5EE588D1214B3E2F003221A9 /* BookViewController.swift */; };
		5EEECDAA2159C742000FB516 /* ScreenBounsConfig.swift in Sources */ = {isa = PBXBuildFile; fileRef = 5EEECDA92159C742000FB516 /* ScreenBounsConfig.swift */; };
		5EEECDAC215A288A000FB516 /* ShareCommonView.swift in Sources */ = {isa = PBXBuildFile; fileRef = 5EEECDAB215A288A000FB516 /* ShareCommonView.swift */; };
		5EEECDAE215A3087000FB516 /* ShareCommonView.xib in Resources */ = {isa = PBXBuildFile; fileRef = 5EEECDAD215A3087000FB516 /* ShareCommonView.xib */; };
		5EEECDB0215A344D000FB516 /* RootView.swift in Sources */ = {isa = PBXBuildFile; fileRef = 5EEECDAF215A344D000FB516 /* RootView.swift */; };
		5EEECDB2215A3645000FB516 /* Cover.swift in Sources */ = {isa = PBXBuildFile; fileRef = 5EEECDB1215A3645000FB516 /* Cover.swift */; };
		5EEECDB7215B2AFB000FB516 /* MineViewController.swift in Sources */ = {isa = PBXBuildFile; fileRef = 5EEECDB6215B2AFB000FB516 /* MineViewController.swift */; };
		5EEECDBA215B2CEF000FB516 /* MineHeaderUnLoginTableViewCell.swift in Sources */ = {isa = PBXBuildFile; fileRef = 5EEECDB8215B2CEF000FB516 /* MineHeaderUnLoginTableViewCell.swift */; };
		5EEECDBB215B2CEF000FB516 /* MineHeaderUnLoginTableViewCell.xib in Resources */ = {isa = PBXBuildFile; fileRef = 5EEECDB9215B2CEF000FB516 /* MineHeaderUnLoginTableViewCell.xib */; };
		5EEECDBE215B5972000FB516 /* MineHeaderLoginTableViewCell.swift in Sources */ = {isa = PBXBuildFile; fileRef = 5EEECDBC215B5972000FB516 /* MineHeaderLoginTableViewCell.swift */; };
		5EEECDBF215B5972000FB516 /* MineHeaderLoginTableViewCell.xib in Resources */ = {isa = PBXBuildFile; fileRef = 5EEECDBD215B5972000FB516 /* MineHeaderLoginTableViewCell.xib */; };
		5EEECDC4215B690E000FB516 /* MineTableViewCell.swift in Sources */ = {isa = PBXBuildFile; fileRef = 5EEECDC2215B690E000FB516 /* MineTableViewCell.swift */; };
		5EEECDC5215B690E000FB516 /* MineTableViewCell.xib in Resources */ = {isa = PBXBuildFile; fileRef = 5EEECDC3215B690E000FB516 /* MineTableViewCell.xib */; };
		5EEECDC8215B83C4000FB516 /* MineModel.swift in Sources */ = {isa = PBXBuildFile; fileRef = 5EEECDC7215B83C4000FB516 /* MineModel.swift */; };
		5EF4FAA9216EE685009434BB /* RootTableViewViewModel.swift in Sources */ = {isa = PBXBuildFile; fileRef = 5EF4FAA8216EE685009434BB /* RootTableViewViewModel.swift */; };
		5EF4FAAB216EE78D009434BB /* RootTableViewCellModel.swift in Sources */ = {isa = PBXBuildFile; fileRef = 5EF4FAAA216EE78D009434BB /* RootTableViewCellModel.swift */; };
		5EF4FAAE216F30E4009434BB /* WordViewModel.swift in Sources */ = {isa = PBXBuildFile; fileRef = 5EF4FAAD216F30E4009434BB /* WordViewModel.swift */; };
/* End PBXBuildFile section */

/* Begin PBXContainerItemProxy section */
		5E0354A7214A355E0040BC2E /* PBXContainerItemProxy */ = {
			isa = PBXContainerItemProxy;
			containerPortal = 5E035487214A355C0040BC2E /* Project object */;
			proxyType = 1;
			remoteGlobalIDString = 5E03548E214A355C0040BC2E;
			remoteInfo = PageProject;
		};
		5E0354B2214A355E0040BC2E /* PBXContainerItemProxy */ = {
			isa = PBXContainerItemProxy;
			containerPortal = 5E035487214A355C0040BC2E /* Project object */;
			proxyType = 1;
			remoteGlobalIDString = 5E03548E214A355C0040BC2E;
			remoteInfo = PageProject;
		};
/* End PBXContainerItemProxy section */

/* Begin PBXFileReference section */
		15953D18214E95560058A5AB /* BookModel.swift */ = {isa = PBXFileReference; lastKnownFileType = sourcecode.swift; path = BookModel.swift; sourceTree = "<group>"; };
		15A4C59F214CE8FE008D2B52 /* RootNavigationController.swift */ = {isa = PBXFileReference; lastKnownFileType = sourcecode.swift; path = RootNavigationController.swift; sourceTree = "<group>"; };
		15A4C5A1214CEAC2008D2B52 /* WordViewController.swift */ = {isa = PBXFileReference; lastKnownFileType = sourcecode.swift; path = WordViewController.swift; sourceTree = "<group>"; };
		15A4C5A4214CEB70008D2B52 /* WordHeaderView.swift */ = {isa = PBXFileReference; lastKnownFileType = sourcecode.swift; path = WordHeaderView.swift; sourceTree = "<group>"; };
		15A4C5A6214CF303008D2B52 /* WordSectionTableViewCell.swift */ = {isa = PBXFileReference; lastKnownFileType = sourcecode.swift; path = WordSectionTableViewCell.swift; sourceTree = "<group>"; };
		5E03548F214A355C0040BC2E /* PageProject.app */ = {isa = PBXFileReference; explicitFileType = wrapper.application; includeInIndex = 0; path = PageProject.app; sourceTree = BUILT_PRODUCTS_DIR; };
		5E035492214A355C0040BC2E /* AppDelegate.swift */ = {isa = PBXFileReference; lastKnownFileType = sourcecode.swift; path = AppDelegate.swift; sourceTree = "<group>"; };
		5E035494214A355C0040BC2E /* ViewController.swift */ = {isa = PBXFileReference; lastKnownFileType = sourcecode.swift; path = ViewController.swift; sourceTree = "<group>"; };
		5E035497214A355C0040BC2E /* Base */ = {isa = PBXFileReference; lastKnownFileType = file.storyboard; name = Base; path = Base.lproj/Main.storyboard; sourceTree = "<group>"; };
		5E03549A214A355C0040BC2E /* PageProject.xcdatamodel */ = {isa = PBXFileReference; lastKnownFileType = wrapper.xcdatamodel; path = PageProject.xcdatamodel; sourceTree = "<group>"; };
		5E03549C214A355D0040BC2E /* Assets.xcassets */ = {isa = PBXFileReference; lastKnownFileType = folder.assetcatalog; path = Assets.xcassets; sourceTree = "<group>"; };
		5E03549F214A355D0040BC2E /* Base */ = {isa = PBXFileReference; lastKnownFileType = file.storyboard; name = Base; path = Base.lproj/LaunchScreen.storyboard; sourceTree = "<group>"; };
		5E0354A1214A355D0040BC2E /* Info.plist */ = {isa = PBXFileReference; lastKnownFileType = text.plist.xml; path = Info.plist; sourceTree = "<group>"; };
		5E0354A6214A355E0040BC2E /* PageProjectTests.xctest */ = {isa = PBXFileReference; explicitFileType = wrapper.cfbundle; includeInIndex = 0; path = PageProjectTests.xctest; sourceTree = BUILT_PRODUCTS_DIR; };
		5E0354AA214A355E0040BC2E /* PageProjectTests.swift */ = {isa = PBXFileReference; lastKnownFileType = sourcecode.swift; path = PageProjectTests.swift; sourceTree = "<group>"; };
		5E0354AC214A355E0040BC2E /* Info.plist */ = {isa = PBXFileReference; lastKnownFileType = text.plist.xml; path = Info.plist; sourceTree = "<group>"; };
		5E0354B1214A355E0040BC2E /* PageProjectUITests.xctest */ = {isa = PBXFileReference; explicitFileType = wrapper.cfbundle; includeInIndex = 0; path = PageProjectUITests.xctest; sourceTree = BUILT_PRODUCTS_DIR; };
		5E0354B5214A355E0040BC2E /* PageProjectUITests.swift */ = {isa = PBXFileReference; lastKnownFileType = sourcecode.swift; path = PageProjectUITests.swift; sourceTree = "<group>"; };
		5E0354B7214A355E0040BC2E /* Info.plist */ = {isa = PBXFileReference; lastKnownFileType = text.plist.xml; path = Info.plist; sourceTree = "<group>"; };
		5E0354C4214A37630040BC2E /* ImageTitleView.swift */ = {isa = PBXFileReference; lastKnownFileType = sourcecode.swift; path = ImageTitleView.swift; sourceTree = "<group>"; };
		5E1FCE48215DCB8B006264CE /* DownListTableViewCell.swift */ = {isa = PBXFileReference; fileEncoding = 4; lastKnownFileType = sourcecode.swift; path = DownListTableViewCell.swift; sourceTree = "<group>"; };
		5E1FCE49215DCB8B006264CE /* DownListTableViewCell.xib */ = {isa = PBXFileReference; fileEncoding = 4; lastKnownFileType = file.xib; path = DownListTableViewCell.xib; sourceTree = "<group>"; };
		5E1FCE4F215E22C3006264CE /* SectionViewController.swift */ = {isa = PBXFileReference; lastKnownFileType = sourcecode.swift; path = SectionViewController.swift; sourceTree = "<group>"; };
		5E1FCE55215E236D006264CE /* SectionTableViewCell.swift */ = {isa = PBXFileReference; lastKnownFileType = sourcecode.swift; path = SectionTableViewCell.swift; sourceTree = "<group>"; };
		5E1FCE56215E236D006264CE /* SectionTableViewCell.xib */ = {isa = PBXFileReference; lastKnownFileType = file.xib; path = SectionTableViewCell.xib; sourceTree = "<group>"; };
		5E210E96215DB9DC00EE80F1 /* DownLoadListViewController.swift */ = {isa = PBXFileReference; lastKnownFileType = sourcecode.swift; path = DownLoadListViewController.swift; sourceTree = "<group>"; };
		5E2E03D62154CA77001D6C48 /* ColorExtension.swift */ = {isa = PBXFileReference; lastKnownFileType = sourcecode.swift; path = ColorExtension.swift; sourceTree = "<group>"; };
		5E2E03D82154D523001D6C48 /* RootViewModel.swift */ = {isa = PBXFileReference; lastKnownFileType = sourcecode.swift; path = RootViewModel.swift; sourceTree = "<group>"; };
		5E2E03DB2154D54A001D6C48 /* BookViewModel.swift */ = {isa = PBXFileReference; lastKnownFileType = sourcecode.swift; path = BookViewModel.swift; sourceTree = "<group>"; };
		5E2E03DD2154DA22001D6C48 /* RootViewController.swift */ = {isa = PBXFileReference; lastKnownFileType = sourcecode.swift; path = RootViewController.swift; sourceTree = "<group>"; };
		5E3F1CCD21605D810012FD42 /* SettingViewController.swift */ = {isa = PBXFileReference; lastKnownFileType = sourcecode.swift; path = SettingViewController.swift; sourceTree = "<group>"; };
		5E3F1CCF2160A72D0012FD42 /* RootAlertController.swift */ = {isa = PBXFileReference; lastKnownFileType = sourcecode.swift; path = RootAlertController.swift; sourceTree = "<group>"; };
		5E53F76521748D42000FC704 /* SwViewCapture.framework */ = {isa = PBXFileReference; lastKnownFileType = wrapper.framework; name = SwViewCapture.framework; path = PageProject/Vonder/SwViewCapture/SwViewCapture.framework; sourceTree = "<group>"; };
		5E53F77F21749423000FC704 /* ImageTool.swift */ = {isa = PBXFileReference; lastKnownFileType = sourcecode.swift; path = ImageTool.swift; sourceTree = "<group>"; };
		5E7E608021747E7700FDF808 /* RootUnShowStatesViewController.swift */ = {isa = PBXFileReference; lastKnownFileType = sourcecode.swift; path = RootUnShowStatesViewController.swift; sourceTree = "<group>"; };
		5E88BCBE21773F44008901D5 /* RootUnNavigationBarViewController.swift */ = {isa = PBXFileReference; lastKnownFileType = sourcecode.swift; path = RootUnNavigationBarViewController.swift; sourceTree = "<group>"; };
		5E9EFA02217F05CB00D2C687 /* UnitSelectedView.swift */ = {isa = PBXFileReference; lastKnownFileType = sourcecode.swift; path = UnitSelectedView.swift; sourceTree = "<group>"; };
		5E9EFA05217F075A00D2C687 /* UnitSelectedModel.swift */ = {isa = PBXFileReference; lastKnownFileType = sourcecode.swift; path = UnitSelectedModel.swift; sourceTree = "<group>"; };
		5E9EFA07217F0C8A00D2C687 /* UnitSelectedButtonView.swift */ = {isa = PBXFileReference; lastKnownFileType = sourcecode.swift; path = UnitSelectedButtonView.swift; sourceTree = "<group>"; };
		5E9EFA09217F0CA200D2C687 /* UnitSelectedButtonView.xib */ = {isa = PBXFileReference; lastKnownFileType = file.xib; path = UnitSelectedButtonView.xib; sourceTree = "<group>"; };
		5EA076552179E236004E6876 /* RootScrollView.swift */ = {isa = PBXFileReference; lastKnownFileType = sourcecode.swift; path = RootScrollView.swift; sourceTree = "<group>"; };
		5ECD6037215F0B4300074438 /* SectionHeaderView.swift */ = {isa = PBXFileReference; lastKnownFileType = sourcecode.swift; path = SectionHeaderView.swift; sourceTree = "<group>"; };
		5ECD6039215F0B8E00074438 /* SectionHeaderView.xib */ = {isa = PBXFileReference; lastKnownFileType = file.xib; path = SectionHeaderView.xib; sourceTree = "<group>"; };
		5EE588C9214B3DBA003221A9 /* BookHeaderTableViewCell.swift */ = {isa = PBXFileReference; lastKnownFileType = sourcecode.swift; path = BookHeaderTableViewCell.swift; sourceTree = "<group>"; };
		5EE588CA214B3DBA003221A9 /* BookHeaderTableViewCell.xib */ = {isa = PBXFileReference; lastKnownFileType = file.xib; path = BookHeaderTableViewCell.xib; sourceTree = "<group>"; };
		5EE588CD214B3DCE003221A9 /* BookTableViewCell.swift */ = {isa = PBXFileReference; lastKnownFileType = sourcecode.swift; path = BookTableViewCell.swift; sourceTree = "<group>"; };
		5EE588CE214B3DCE003221A9 /* BookTableViewCell.xib */ = {isa = PBXFileReference; lastKnownFileType = file.xib; path = BookTableViewCell.xib; sourceTree = "<group>"; };
		5EE588D1214B3E2F003221A9 /* BookViewController.swift */ = {isa = PBXFileReference; lastKnownFileType = sourcecode.swift; path = BookViewController.swift; sourceTree = "<group>"; };
		5EEECDA92159C742000FB516 /* ScreenBounsConfig.swift */ = {isa = PBXFileReference; lastKnownFileType = sourcecode.swift; path = ScreenBounsConfig.swift; sourceTree = "<group>"; };
		5EEECDAB215A288A000FB516 /* ShareCommonView.swift */ = {isa = PBXFileReference; lastKnownFileType = sourcecode.swift; path = ShareCommonView.swift; sourceTree = "<group>"; };
		5EEECDAD215A3087000FB516 /* ShareCommonView.xib */ = {isa = PBXFileReference; lastKnownFileType = file.xib; path = ShareCommonView.xib; sourceTree = "<group>"; };
		5EEECDAF215A344D000FB516 /* RootView.swift */ = {isa = PBXFileReference; lastKnownFileType = sourcecode.swift; path = RootView.swift; sourceTree = "<group>"; };
		5EEECDB1215A3645000FB516 /* Cover.swift */ = {isa = PBXFileReference; lastKnownFileType = sourcecode.swift; path = Cover.swift; sourceTree = "<group>"; };
		5EEECDB6215B2AFB000FB516 /* MineViewController.swift */ = {isa = PBXFileReference; lastKnownFileType = sourcecode.swift; path = MineViewController.swift; sourceTree = "<group>"; };
		5EEECDB8215B2CEF000FB516 /* MineHeaderUnLoginTableViewCell.swift */ = {isa = PBXFileReference; lastKnownFileType = sourcecode.swift; path = MineHeaderUnLoginTableViewCell.swift; sourceTree = "<group>"; };
		5EEECDB9215B2CEF000FB516 /* MineHeaderUnLoginTableViewCell.xib */ = {isa = PBXFileReference; lastKnownFileType = file.xib; path = MineHeaderUnLoginTableViewCell.xib; sourceTree = "<group>"; };
		5EEECDBC215B5972000FB516 /* MineHeaderLoginTableViewCell.swift */ = {isa = PBXFileReference; lastKnownFileType = sourcecode.swift; path = MineHeaderLoginTableViewCell.swift; sourceTree = "<group>"; };
		5EEECDBD215B5972000FB516 /* MineHeaderLoginTableViewCell.xib */ = {isa = PBXFileReference; lastKnownFileType = file.xib; path = MineHeaderLoginTableViewCell.xib; sourceTree = "<group>"; };
		5EEECDC2215B690E000FB516 /* MineTableViewCell.swift */ = {isa = PBXFileReference; lastKnownFileType = sourcecode.swift; path = MineTableViewCell.swift; sourceTree = "<group>"; };
		5EEECDC3215B690E000FB516 /* MineTableViewCell.xib */ = {isa = PBXFileReference; lastKnownFileType = file.xib; path = MineTableViewCell.xib; sourceTree = "<group>"; };
		5EEECDC7215B83C4000FB516 /* MineModel.swift */ = {isa = PBXFileReference; lastKnownFileType = sourcecode.swift; path = MineModel.swift; sourceTree = "<group>"; };
		5EF4FAA8216EE685009434BB /* RootTableViewViewModel.swift */ = {isa = PBXFileReference; lastKnownFileType = sourcecode.swift; path = RootTableViewViewModel.swift; sourceTree = "<group>"; };
		5EF4FAAA216EE78D009434BB /* RootTableViewCellModel.swift */ = {isa = PBXFileReference; lastKnownFileType = sourcecode.swift; path = RootTableViewCellModel.swift; sourceTree = "<group>"; };
		5EF4FAAD216F30E4009434BB /* WordViewModel.swift */ = {isa = PBXFileReference; lastKnownFileType = sourcecode.swift; path = WordViewModel.swift; sourceTree = "<group>"; };
		61B29C1AA2071859559610AB /* Pods_PageProject.framework */ = {isa = PBXFileReference; explicitFileType = wrapper.framework; includeInIndex = 0; path = Pods_PageProject.framework; sourceTree = BUILT_PRODUCTS_DIR; };
		B06D30B28AC5DD032E51AA6B /* Pods-PageProject.debug.xcconfig */ = {isa = PBXFileReference; includeInIndex = 1; lastKnownFileType = text.xcconfig; name = "Pods-PageProject.debug.xcconfig"; path = "Pods/Target Support Files/Pods-PageProject/Pods-PageProject.debug.xcconfig"; sourceTree = "<group>"; };
		D07E8CD7BB9F8AB1F85CB87F /* Pods-PageProject.release.xcconfig */ = {isa = PBXFileReference; includeInIndex = 1; lastKnownFileType = text.xcconfig; name = "Pods-PageProject.release.xcconfig"; path = "Pods/Target Support Files/Pods-PageProject/Pods-PageProject.release.xcconfig"; sourceTree = "<group>"; };
/* End PBXFileReference section */

/* Begin PBXFrameworksBuildPhase section */
		5E03548C214A355C0040BC2E /* Frameworks */ = {
			isa = PBXFrameworksBuildPhase;
			buildActionMask = 2147483647;
			files = (
				5491FB709E23E159B652095F /* Pods_PageProject.framework in Frameworks */,
			);
			runOnlyForDeploymentPostprocessing = 0;
		};
		5E0354A3214A355E0040BC2E /* Frameworks */ = {
			isa = PBXFrameworksBuildPhase;
			buildActionMask = 2147483647;
			files = (
			);
			runOnlyForDeploymentPostprocessing = 0;
		};
		5E0354AE214A355E0040BC2E /* Frameworks */ = {
			isa = PBXFrameworksBuildPhase;
			buildActionMask = 2147483647;
			files = (
			);
			runOnlyForDeploymentPostprocessing = 0;
		};
/* End PBXFrameworksBuildPhase section */

/* Begin PBXGroup section */
		15DA05AF734B979495422AE0 /* Pods */ = {
			isa = PBXGroup;
			children = (
				B06D30B28AC5DD032E51AA6B /* Pods-PageProject.debug.xcconfig */,
				D07E8CD7BB9F8AB1F85CB87F /* Pods-PageProject.release.xcconfig */,
			);
			name = Pods;
			sourceTree = "<group>";
		};
		198B55435359DAFB2151D197 /* Frameworks */ = {
			isa = PBXGroup;
			children = (
				5E53F76521748D42000FC704 /* SwViewCapture.framework */,
				61B29C1AA2071859559610AB /* Pods_PageProject.framework */,
			);
			name = Frameworks;
			sourceTree = "<group>";
		};
		5E035486214A355C0040BC2E = {
			isa = PBXGroup;
			children = (
				5E035491214A355C0040BC2E /* PageProject */,
				5E0354A9214A355E0040BC2E /* PageProjectTests */,
				5E0354B4214A355E0040BC2E /* PageProjectUITests */,
				5E035490214A355C0040BC2E /* Products */,
				15DA05AF734B979495422AE0 /* Pods */,
				198B55435359DAFB2151D197 /* Frameworks */,
			);
			sourceTree = "<group>";
		};
		5E035490214A355C0040BC2E /* Products */ = {
			isa = PBXGroup;
			children = (
				5E03548F214A355C0040BC2E /* PageProject.app */,
				5E0354A6214A355E0040BC2E /* PageProjectTests.xctest */,
				5E0354B1214A355E0040BC2E /* PageProjectUITests.xctest */,
			);
			name = Products;
			sourceTree = "<group>";
		};
		5E035491214A355C0040BC2E /* PageProject */ = {
			isa = PBXGroup;
			children = (
				5E53F76021748C3E000FC704 /* Vonder */,
				5E2E03D02154C3DD001D6C48 /* CommonConfig */,
				5E2E03CC2154C379001D6C48 /* Root */,
				5E2E03C62154C318001D6C48 /* Class */,
				5E035492214A355C0040BC2E /* AppDelegate.swift */,
				5E035494214A355C0040BC2E /* ViewController.swift */,
				5E035496214A355C0040BC2E /* Main.storyboard */,
				5E03549C214A355D0040BC2E /* Assets.xcassets */,
				5E03549E214A355D0040BC2E /* LaunchScreen.storyboard */,
				5E0354A1214A355D0040BC2E /* Info.plist */,
				5E035499214A355C0040BC2E /* PageProject.xcdatamodeld */,
			);
			path = PageProject;
			sourceTree = "<group>";
		};
		5E0354A9214A355E0040BC2E /* PageProjectTests */ = {
			isa = PBXGroup;
			children = (
				5E0354AA214A355E0040BC2E /* PageProjectTests.swift */,
				5E0354AC214A355E0040BC2E /* Info.plist */,
			);
			path = PageProjectTests;
			sourceTree = "<group>";
		};
		5E0354B4214A355E0040BC2E /* PageProjectUITests */ = {
			isa = PBXGroup;
			children = (
				5E0354B5214A355E0040BC2E /* PageProjectUITests.swift */,
				5E0354B7214A355E0040BC2E /* Info.plist */,
			);
			path = PageProjectUITests;
			sourceTree = "<group>";
		};
		5E1FCE4C215E228B006264CE /* Section */ = {
			isa = PBXGroup;
			children = (
				5E1FCE4E215E22AA006264CE /* View */,
				5E1FCE4D215E22A4006264CE /* VC */,
			);
			path = Section;
			sourceTree = "<group>";
		};
		5E1FCE4D215E22A4006264CE /* VC */ = {
			isa = PBXGroup;
			children = (
				5E1FCE4F215E22C3006264CE /* SectionViewController.swift */,
			);
			path = VC;
			sourceTree = "<group>";
		};
		5E1FCE4E215E22AA006264CE /* View */ = {
			isa = PBXGroup;
			children = (
				5E1FCE55215E236D006264CE /* SectionTableViewCell.swift */,
				5E1FCE56215E236D006264CE /* SectionTableViewCell.xib */,
				5ECD6037215F0B4300074438 /* SectionHeaderView.swift */,
				5ECD6039215F0B8E00074438 /* SectionHeaderView.xib */,
			);
			path = View;
			sourceTree = "<group>";
		};
		5E210E93215DB9A900EE80F1 /* DownLoadList */ = {
			isa = PBXGroup;
			children = (
				5E210E95215DB9C200EE80F1 /* View */,
				5E210E94215DB9BD00EE80F1 /* VC */,
			);
			path = DownLoadList;
			sourceTree = "<group>";
		};
		5E210E94215DB9BD00EE80F1 /* VC */ = {
			isa = PBXGroup;
			children = (
				5E210E96215DB9DC00EE80F1 /* DownLoadListViewController.swift */,
			);
			path = VC;
			sourceTree = "<group>";
		};
		5E210E95215DB9C200EE80F1 /* View */ = {
			isa = PBXGroup;
			children = (
				5E1FCE48215DCB8B006264CE /* DownListTableViewCell.swift */,
				5E1FCE49215DCB8B006264CE /* DownListTableViewCell.xib */,
			);
			path = View;
			sourceTree = "<group>";
		};
		5E2E03C62154C318001D6C48 /* Class */ = {
			isa = PBXGroup;
			children = (
				5E3F1CCB21605D430012FD42 /* Setting */,
				5E1FCE4C215E228B006264CE /* Section */,
				5E210E93215DB9A900EE80F1 /* DownLoadList */,
				5EEECDB3215B2ACF000FB516 /* Mine */,
				5E2E03CD2154C38D001D6C48 /* Unit */,
				5E2E03CB2154C361001D6C48 /* Common */,
				5E2E03C72154C325001D6C48 /* BookDetail */,
			);
			path = Class;
			sourceTree = "<group>";
		};
		5E2E03C72154C325001D6C48 /* BookDetail */ = {
			isa = PBXGroup;
			children = (
				5E2E03C82154C339001D6C48 /* VC */,
				5E2E03DA2154D528001D6C48 /* VM */,
				5E2E03CA2154C34C001D6C48 /* Model */,
				5E2E03C92154C33F001D6C48 /* View */,
			);
			path = BookDetail;
			sourceTree = "<group>";
		};
		5E2E03C82154C339001D6C48 /* VC */ = {
			isa = PBXGroup;
			children = (
				5EE588D1214B3E2F003221A9 /* BookViewController.swift */,
			);
			path = VC;
			sourceTree = "<group>";
		};
		5E2E03C92154C33F001D6C48 /* View */ = {
			isa = PBXGroup;
			children = (
				5EE588C9214B3DBA003221A9 /* BookHeaderTableViewCell.swift */,
				5EE588CA214B3DBA003221A9 /* BookHeaderTableViewCell.xib */,
				5EE588CD214B3DCE003221A9 /* BookTableViewCell.swift */,
				5EE588CE214B3DCE003221A9 /* BookTableViewCell.xib */,
			);
			path = View;
			sourceTree = "<group>";
		};
		5E2E03CA2154C34C001D6C48 /* Model */ = {
			isa = PBXGroup;
			children = (
				15953D18214E95560058A5AB /* BookModel.swift */,
			);
			path = Model;
			sourceTree = "<group>";
		};
		5E2E03CB2154C361001D6C48 /* Common */ = {
			isa = PBXGroup;
			children = (
				5E9EFA04217F074000D2C687 /* UnitSelected */,
				5E0354C4214A37630040BC2E /* ImageTitleView.swift */,
				5EEECDAB215A288A000FB516 /* ShareCommonView.swift */,
				5EEECDAD215A3087000FB516 /* ShareCommonView.xib */,
				5EEECDB1215A3645000FB516 /* Cover.swift */,
			);
			path = Common;
			sourceTree = "<group>";
		};
		5E2E03CC2154C379001D6C48 /* Root */ = {
			isa = PBXGroup;
			children = (
				15A4C59F214CE8FE008D2B52 /* RootNavigationController.swift */,
				5E2E03D82154D523001D6C48 /* RootViewModel.swift */,
				5E2E03DD2154DA22001D6C48 /* RootViewController.swift */,
				5EEECDAF215A344D000FB516 /* RootView.swift */,
				5E3F1CCF2160A72D0012FD42 /* RootAlertController.swift */,
				5EF4FAA8216EE685009434BB /* RootTableViewViewModel.swift */,
				5EF4FAAA216EE78D009434BB /* RootTableViewCellModel.swift */,
				5E7E608021747E7700FDF808 /* RootUnShowStatesViewController.swift */,
				5E88BCBE21773F44008901D5 /* RootUnNavigationBarViewController.swift */,
				5EA076552179E236004E6876 /* RootScrollView.swift */,
			);
			path = Root;
			sourceTree = "<group>";
		};
		5E2E03CD2154C38D001D6C48 /* Unit */ = {
			isa = PBXGroup;
			children = (
				5EF4FAAC216F30B6009434BB /* VM */,
				5E2E03CF2154C39B001D6C48 /* View */,
				5E2E03CE2154C396001D6C48 /* VC */,
			);
			path = Unit;
			sourceTree = "<group>";
		};
		5E2E03CE2154C396001D6C48 /* VC */ = {
			isa = PBXGroup;
			children = (
				15A4C5A1214CEAC2008D2B52 /* WordViewController.swift */,
			);
			path = VC;
			sourceTree = "<group>";
		};
		5E2E03CF2154C39B001D6C48 /* View */ = {
			isa = PBXGroup;
			children = (
				15A4C5A4214CEB70008D2B52 /* WordHeaderView.swift */,
				15A4C5A6214CF303008D2B52 /* WordSectionTableViewCell.swift */,
			);
			path = View;
			sourceTree = "<group>";
		};
		5E2E03D02154C3DD001D6C48 /* CommonConfig */ = {
			isa = PBXGroup;
			children = (
				5E2E03D62154CA77001D6C48 /* ColorExtension.swift */,
				5EEECDA92159C742000FB516 /* ScreenBounsConfig.swift */,
				5E53F77F21749423000FC704 /* ImageTool.swift */,
			);
			path = CommonConfig;
			sourceTree = "<group>";
		};
		5E2E03DA2154D528001D6C48 /* VM */ = {
			isa = PBXGroup;
			children = (
				5E2E03DB2154D54A001D6C48 /* BookViewModel.swift */,
			);
			path = VM;
			sourceTree = "<group>";
		};
		5E3F1CCB21605D430012FD42 /* Setting */ = {
			isa = PBXGroup;
			children = (
				5E3F1CCC21605D4B0012FD42 /* VC */,
			);
			path = Setting;
			sourceTree = "<group>";
		};
		5E3F1CCC21605D4B0012FD42 /* VC */ = {
			isa = PBXGroup;
			children = (
				5E3F1CCD21605D810012FD42 /* SettingViewController.swift */,
			);
			path = VC;
			sourceTree = "<group>";
		};
		5E53F76021748C3E000FC704 /* Vonder */ = {
			isa = PBXGroup;
			children = (
			);
			path = Vonder;
			sourceTree = "<group>";
		};
		5E9EFA04217F074000D2C687 /* UnitSelected */ = {
			isa = PBXGroup;
			children = (
				5E9EFA02217F05CB00D2C687 /* UnitSelectedView.swift */,
				5E9EFA05217F075A00D2C687 /* UnitSelectedModel.swift */,
				5E9EFA07217F0C8A00D2C687 /* UnitSelectedButtonView.swift */,
				5E9EFA09217F0CA200D2C687 /* UnitSelectedButtonView.xib */,
			);
			path = UnitSelected;
			sourceTree = "<group>";
		};
		5EEECDB3215B2ACF000FB516 /* Mine */ = {
			isa = PBXGroup;
			children = (
				5EEECDC6215B83AB000FB516 /* Model */,
				5EEECDB5215B2AE0000FB516 /* View */,
				5EEECDB4215B2AD7000FB516 /* VC */,
			);
			path = Mine;
			sourceTree = "<group>";
		};
		5EEECDB4215B2AD7000FB516 /* VC */ = {
			isa = PBXGroup;
			children = (
				5EEECDB6215B2AFB000FB516 /* MineViewController.swift */,
			);
			path = VC;
			sourceTree = "<group>";
		};
		5EEECDB5215B2AE0000FB516 /* View */ = {
			isa = PBXGroup;
			children = (
				5EEECDB8215B2CEF000FB516 /* MineHeaderUnLoginTableViewCell.swift */,
				5EEECDB9215B2CEF000FB516 /* MineHeaderUnLoginTableViewCell.xib */,
				5EEECDBC215B5972000FB516 /* MineHeaderLoginTableViewCell.swift */,
				5EEECDBD215B5972000FB516 /* MineHeaderLoginTableViewCell.xib */,
				5EEECDC2215B690E000FB516 /* MineTableViewCell.swift */,
				5EEECDC3215B690E000FB516 /* MineTableViewCell.xib */,
			);
			path = View;
			sourceTree = "<group>";
		};
		5EEECDC6215B83AB000FB516 /* Model */ = {
			isa = PBXGroup;
			children = (
				5EEECDC7215B83C4000FB516 /* MineModel.swift */,
			);
			path = Model;
			sourceTree = "<group>";
		};
		5EF4FAAC216F30B6009434BB /* VM */ = {
			isa = PBXGroup;
			children = (
				5EF4FAAD216F30E4009434BB /* WordViewModel.swift */,
			);
			path = VM;
			sourceTree = "<group>";
		};
/* End PBXGroup section */

/* Begin PBXNativeTarget section */
		5E03548E214A355C0040BC2E /* PageProject */ = {
			isa = PBXNativeTarget;
			buildConfigurationList = 5E0354BA214A355E0040BC2E /* Build configuration list for PBXNativeTarget "PageProject" */;
			buildPhases = (
				73A29CB1B3549B6D07DC2573 /* [CP] Check Pods Manifest.lock */,
				5E03548B214A355C0040BC2E /* Sources */,
				5E03548C214A355C0040BC2E /* Frameworks */,
				5E03548D214A355C0040BC2E /* Resources */,
				CC109100D0B2D5211A215A3C /* [CP] Embed Pods Frameworks */,
			);
			buildRules = (
			);
			dependencies = (
			);
			name = PageProject;
			productName = PageProject;
			productReference = 5E03548F214A355C0040BC2E /* PageProject.app */;
			productType = "com.apple.product-type.application";
		};
		5E0354A5214A355E0040BC2E /* PageProjectTests */ = {
			isa = PBXNativeTarget;
			buildConfigurationList = 5E0354BD214A355E0040BC2E /* Build configuration list for PBXNativeTarget "PageProjectTests" */;
			buildPhases = (
				5E0354A2214A355E0040BC2E /* Sources */,
				5E0354A3214A355E0040BC2E /* Frameworks */,
				5E0354A4214A355E0040BC2E /* Resources */,
			);
			buildRules = (
			);
			dependencies = (
				5E0354A8214A355E0040BC2E /* PBXTargetDependency */,
			);
			name = PageProjectTests;
			productName = PageProjectTests;
			productReference = 5E0354A6214A355E0040BC2E /* PageProjectTests.xctest */;
			productType = "com.apple.product-type.bundle.unit-test";
		};
		5E0354B0214A355E0040BC2E /* PageProjectUITests */ = {
			isa = PBXNativeTarget;
			buildConfigurationList = 5E0354C0214A355E0040BC2E /* Build configuration list for PBXNativeTarget "PageProjectUITests" */;
			buildPhases = (
				5E0354AD214A355E0040BC2E /* Sources */,
				5E0354AE214A355E0040BC2E /* Frameworks */,
				5E0354AF214A355E0040BC2E /* Resources */,
			);
			buildRules = (
			);
			dependencies = (
				5E0354B3214A355E0040BC2E /* PBXTargetDependency */,
			);
			name = PageProjectUITests;
			productName = PageProjectUITests;
			productReference = 5E0354B1214A355E0040BC2E /* PageProjectUITests.xctest */;
			productType = "com.apple.product-type.bundle.ui-testing";
		};
/* End PBXNativeTarget section */

/* Begin PBXProject section */
		5E035487214A355C0040BC2E /* Project object */ = {
			isa = PBXProject;
			attributes = {
				LastSwiftUpdateCheck = 0940;
				LastUpgradeCheck = 0940;
				ORGANIZATIONNAME = "梦里都是梦";
				TargetAttributes = {
					5E03548E214A355C0040BC2E = {
						CreatedOnToolsVersion = 9.4.1;
					};
					5E0354A5214A355E0040BC2E = {
						CreatedOnToolsVersion = 9.4.1;
						TestTargetID = 5E03548E214A355C0040BC2E;
					};
					5E0354B0214A355E0040BC2E = {
						CreatedOnToolsVersion = 9.4.1;
						TestTargetID = 5E03548E214A355C0040BC2E;
					};
				};
			};
			buildConfigurationList = 5E03548A214A355C0040BC2E /* Build configuration list for PBXProject "PageProject" */;
			compatibilityVersion = "Xcode 9.3";
			developmentRegion = en;
			hasScannedForEncodings = 0;
			knownRegions = (
				en,
				Base,
			);
			mainGroup = 5E035486214A355C0040BC2E;
			productRefGroup = 5E035490214A355C0040BC2E /* Products */;
			projectDirPath = "";
			projectRoot = "";
			targets = (
				5E03548E214A355C0040BC2E /* PageProject */,
				5E0354A5214A355E0040BC2E /* PageProjectTests */,
				5E0354B0214A355E0040BC2E /* PageProjectUITests */,
			);
		};
/* End PBXProject section */

/* Begin PBXResourcesBuildPhase section */
		5E03548D214A355C0040BC2E /* Resources */ = {
			isa = PBXResourcesBuildPhase;
			buildActionMask = 2147483647;
			files = (
				5E0354A0214A355D0040BC2E /* LaunchScreen.storyboard in Resources */,
				5E1FCE4B215DCB8B006264CE /* DownListTableViewCell.xib in Resources */,
				5E1FCE58215E236D006264CE /* SectionTableViewCell.xib in Resources */,
				5EEECDAE215A3087000FB516 /* ShareCommonView.xib in Resources */,
				5EEECDC5215B690E000FB516 /* MineTableViewCell.xib in Resources */,
				5E03549D214A355D0040BC2E /* Assets.xcassets in Resources */,
				5E9EFA0A217F0CA200D2C687 /* UnitSelectedButtonView.xib in Resources */,
				5E035498214A355C0040BC2E /* Main.storyboard in Resources */,
				5ECD603A215F0B8E00074438 /* SectionHeaderView.xib in Resources */,
				5EE588CC214B3DBA003221A9 /* BookHeaderTableViewCell.xib in Resources */,
				5EE588D0214B3DCE003221A9 /* BookTableViewCell.xib in Resources */,
				5EEECDBF215B5972000FB516 /* MineHeaderLoginTableViewCell.xib in Resources */,
				5EEECDBB215B2CEF000FB516 /* MineHeaderUnLoginTableViewCell.xib in Resources */,
			);
			runOnlyForDeploymentPostprocessing = 0;
		};
		5E0354A4214A355E0040BC2E /* Resources */ = {
			isa = PBXResourcesBuildPhase;
			buildActionMask = 2147483647;
			files = (
			);
			runOnlyForDeploymentPostprocessing = 0;
		};
		5E0354AF214A355E0040BC2E /* Resources */ = {
			isa = PBXResourcesBuildPhase;
			buildActionMask = 2147483647;
			files = (
			);
			runOnlyForDeploymentPostprocessing = 0;
		};
/* End PBXResourcesBuildPhase section */

/* Begin PBXShellScriptBuildPhase section */
		73A29CB1B3549B6D07DC2573 /* [CP] Check Pods Manifest.lock */ = {
			isa = PBXShellScriptBuildPhase;
			buildActionMask = 2147483647;
			files = (
			);
			inputPaths = (
				"${PODS_PODFILE_DIR_PATH}/Podfile.lock",
				"${PODS_ROOT}/Manifest.lock",
			);
			name = "[CP] Check Pods Manifest.lock";
			outputPaths = (
				"$(DERIVED_FILE_DIR)/Pods-PageProject-checkManifestLockResult.txt",
			);
			runOnlyForDeploymentPostprocessing = 0;
			shellPath = /bin/sh;
			shellScript = "diff \"${PODS_PODFILE_DIR_PATH}/Podfile.lock\" \"${PODS_ROOT}/Manifest.lock\" > /dev/null\nif [ $? != 0 ] ; then\n    # print error to STDERR\n    echo \"error: The sandbox is not in sync with the Podfile.lock. Run 'pod install' or update your CocoaPods installation.\" >&2\n    exit 1\nfi\n# This output is used by Xcode 'outputs' to avoid re-running this script phase.\necho \"SUCCESS\" > \"${SCRIPT_OUTPUT_FILE_0}\"\n";
			showEnvVarsInLog = 0;
		};
		CC109100D0B2D5211A215A3C /* [CP] Embed Pods Frameworks */ = {
			isa = PBXShellScriptBuildPhase;
			buildActionMask = 2147483647;
			files = (
			);
			inputPaths = (
				"${SRCROOT}/Pods/Target Support Files/Pods-PageProject/Pods-PageProject-frameworks.sh",
				"${BUILT_PRODUCTS_DIR}/Alamofire/Alamofire.framework",
				"${BUILT_PRODUCTS_DIR}/DGElasticPullToRefresh/DGElasticPullToRefresh.framework",
				"${BUILT_PRODUCTS_DIR}/Differentiator/Differentiator.framework",
				"${BUILT_PRODUCTS_DIR}/Kingfisher/Kingfisher.framework",
				"${BUILT_PRODUCTS_DIR}/Moya/Moya.framework",
				"${BUILT_PRODUCTS_DIR}/NVActivityIndicatorView/NVActivityIndicatorView.framework",
				"${BUILT_PRODUCTS_DIR}/Result/Result.framework",
				"${BUILT_PRODUCTS_DIR}/RxCocoa/RxCocoa.framework",
				"${BUILT_PRODUCTS_DIR}/RxDataSources/RxDataSources.framework",
				"${BUILT_PRODUCTS_DIR}/RxSwift/RxSwift.framework",
				"${BUILT_PRODUCTS_DIR}/SnapKit/SnapKit.framework",
				"${BUILT_PRODUCTS_DIR}/SwViewCapture/SwViewCapture.framework",
				"${BUILT_PRODUCTS_DIR}/SwiftyJSON/SwiftyJSON.framework",
			);
			name = "[CP] Embed Pods Frameworks";
			outputPaths = (
				"${TARGET_BUILD_DIR}/${FRAMEWORKS_FOLDER_PATH}/Alamofire.framework",
				"${TARGET_BUILD_DIR}/${FRAMEWORKS_FOLDER_PATH}/DGElasticPullToRefresh.framework",
				"${TARGET_BUILD_DIR}/${FRAMEWORKS_FOLDER_PATH}/Differentiator.framework",
				"${TARGET_BUILD_DIR}/${FRAMEWORKS_FOLDER_PATH}/Kingfisher.framework",
				"${TARGET_BUILD_DIR}/${FRAMEWORKS_FOLDER_PATH}/Moya.framework",
				"${TARGET_BUILD_DIR}/${FRAMEWORKS_FOLDER_PATH}/NVActivityIndicatorView.framework",
				"${TARGET_BUILD_DIR}/${FRAMEWORKS_FOLDER_PATH}/Result.framework",
				"${TARGET_BUILD_DIR}/${FRAMEWORKS_FOLDER_PATH}/RxCocoa.framework",
				"${TARGET_BUILD_DIR}/${FRAMEWORKS_FOLDER_PATH}/RxDataSources.framework",
				"${TARGET_BUILD_DIR}/${FRAMEWORKS_FOLDER_PATH}/RxSwift.framework",
				"${TARGET_BUILD_DIR}/${FRAMEWORKS_FOLDER_PATH}/SnapKit.framework",
				"${TARGET_BUILD_DIR}/${FRAMEWORKS_FOLDER_PATH}/SwViewCapture.framework",
				"${TARGET_BUILD_DIR}/${FRAMEWORKS_FOLDER_PATH}/SwiftyJSON.framework",
			);
			runOnlyForDeploymentPostprocessing = 0;
			shellPath = /bin/sh;
			shellScript = "\"${SRCROOT}/Pods/Target Support Files/Pods-PageProject/Pods-PageProject-frameworks.sh\"\n";
			showEnvVarsInLog = 0;
		};
/* End PBXShellScriptBuildPhase section */

/* Begin PBXSourcesBuildPhase section */
		5E03548B214A355C0040BC2E /* Sources */ = {
			isa = PBXSourcesBuildPhase;
			buildActionMask = 2147483647;
			files = (
				5E03549B214A355C0040BC2E /* PageProject.xcdatamodeld in Sources */,
				5E1FCE57215E236D006264CE /* SectionTableViewCell.swift in Sources */,
				5E035495214A355C0040BC2E /* ViewController.swift in Sources */,
				5EF4FAAB216EE78D009434BB /* RootTableViewCellModel.swift in Sources */,
				5E1FCE50215E22C3006264CE /* SectionViewController.swift in Sources */,
				5EEECDAA2159C742000FB516 /* ScreenBounsConfig.swift in Sources */,
				5EF4FAAE216F30E4009434BB /* WordViewModel.swift in Sources */,
				5E9EFA06217F075A00D2C687 /* UnitSelectedModel.swift in Sources */,
				15A4C5A2214CEAC2008D2B52 /* WordViewController.swift in Sources */,
				15A4C5A5214CEB70008D2B52 /* WordHeaderView.swift in Sources */,
				5ECD6038215F0B4300074438 /* SectionHeaderView.swift in Sources */,
				5EEECDBE215B5972000FB516 /* MineHeaderLoginTableViewCell.swift in Sources */,
				5EEECDC4215B690E000FB516 /* MineTableViewCell.swift in Sources */,
				5E2E03D72154CA77001D6C48 /* ColorExtension.swift in Sources */,
				5E9EFA03217F05CB00D2C687 /* UnitSelectedView.swift in Sources */,
				5EEECDB0215A344D000FB516 /* RootView.swift in Sources */,
				5E2E03DC2154D54A001D6C48 /* BookViewModel.swift in Sources */,
				5E2E03DE2154DA22001D6C48 /* RootViewController.swift in Sources */,
				15A4C5A0214CE8FE008D2B52 /* RootNavigationController.swift in Sources */,
				5EE588CB214B3DBA003221A9 /* BookHeaderTableViewCell.swift in Sources */,
				15953D19214E95560058A5AB /* BookModel.swift in Sources */,
				5E2E03D92154D523001D6C48 /* RootViewModel.swift in Sources */,
				5EEECDB2215A3645000FB516 /* Cover.swift in Sources */,
				5E210E97215DB9DC00EE80F1 /* DownLoadListViewController.swift in Sources */,
				5E7E608121747E7700FDF808 /* RootUnShowStatesViewController.swift in Sources */,
				5E3F1CD02160A72D0012FD42 /* RootAlertController.swift in Sources */,
				5EEECDBA215B2CEF000FB516 /* MineHeaderUnLoginTableViewCell.swift in Sources */,
				5E9EFA08217F0C8A00D2C687 /* UnitSelectedButtonView.swift in Sources */,
				5EA076562179E236004E6876 /* RootScrollView.swift in Sources */,
				5EF4FAA9216EE685009434BB /* RootTableViewViewModel.swift in Sources */,
				5EE588D2214B3E2F003221A9 /* BookViewController.swift in Sources */,
				5E035493214A355C0040BC2E /* AppDelegate.swift in Sources */,
				5EEECDC8215B83C4000FB516 /* MineModel.swift in Sources */,
				15A4C5A7214CF303008D2B52 /* WordSectionTableViewCell.swift in Sources */,
				5EEECDB7215B2AFB000FB516 /* MineViewController.swift in Sources */,
				5E53F78021749423000FC704 /* ImageTool.swift in Sources */,
				5E3F1CCE21605D810012FD42 /* SettingViewController.swift in Sources */,
				5EE588CF214B3DCE003221A9 /* BookTableViewCell.swift in Sources */,
				5E0354C5214A37630040BC2E /* ImageTitleView.swift in Sources */,
				5EEECDAC215A288A000FB516 /* ShareCommonView.swift in Sources */,
				5E1FCE4A215DCB8B006264CE /* DownListTableViewCell.swift in Sources */,
				5E88BCBF21773F44008901D5 /* RootUnNavigationBarViewController.swift in Sources */,
			);
			runOnlyForDeploymentPostprocessing = 0;
		};
		5E0354A2214A355E0040BC2E /* Sources */ = {
			isa = PBXSourcesBuildPhase;
			buildActionMask = 2147483647;
			files = (
				5E0354AB214A355E0040BC2E /* PageProjectTests.swift in Sources */,
			);
			runOnlyForDeploymentPostprocessing = 0;
		};
		5E0354AD214A355E0040BC2E /* Sources */ = {
			isa = PBXSourcesBuildPhase;
			buildActionMask = 2147483647;
			files = (
				5E0354B6214A355E0040BC2E /* PageProjectUITests.swift in Sources */,
			);
			runOnlyForDeploymentPostprocessing = 0;
		};
/* End PBXSourcesBuildPhase section */

/* Begin PBXTargetDependency section */
		5E0354A8214A355E0040BC2E /* PBXTargetDependency */ = {
			isa = PBXTargetDependency;
			target = 5E03548E214A355C0040BC2E /* PageProject */;
			targetProxy = 5E0354A7214A355E0040BC2E /* PBXContainerItemProxy */;
		};
		5E0354B3214A355E0040BC2E /* PBXTargetDependency */ = {
			isa = PBXTargetDependency;
			target = 5E03548E214A355C0040BC2E /* PageProject */;
			targetProxy = 5E0354B2214A355E0040BC2E /* PBXContainerItemProxy */;
		};
/* End PBXTargetDependency section */

/* Begin PBXVariantGroup section */
		5E035496214A355C0040BC2E /* Main.storyboard */ = {
			isa = PBXVariantGroup;
			children = (
				5E035497214A355C0040BC2E /* Base */,
			);
			name = Main.storyboard;
			sourceTree = "<group>";
		};
		5E03549E214A355D0040BC2E /* LaunchScreen.storyboard */ = {
			isa = PBXVariantGroup;
			children = (
				5E03549F214A355D0040BC2E /* Base */,
			);
			name = LaunchScreen.storyboard;
			sourceTree = "<group>";
		};
/* End PBXVariantGroup section */

/* Begin XCBuildConfiguration section */
		5E0354B8214A355E0040BC2E /* Debug */ = {
			isa = XCBuildConfiguration;
			buildSettings = {
				ALWAYS_SEARCH_USER_PATHS = NO;
				CLANG_ANALYZER_NONNULL = YES;
				CLANG_ANALYZER_NUMBER_OBJECT_CONVERSION = YES_AGGRESSIVE;
				CLANG_CXX_LANGUAGE_STANDARD = "gnu++14";
				CLANG_CXX_LIBRARY = "libc++";
				CLANG_ENABLE_MODULES = YES;
				CLANG_ENABLE_OBJC_ARC = YES;
				CLANG_ENABLE_OBJC_WEAK = YES;
				CLANG_WARN_BLOCK_CAPTURE_AUTORELEASING = YES;
				CLANG_WARN_BOOL_CONVERSION = YES;
				CLANG_WARN_COMMA = YES;
				CLANG_WARN_CONSTANT_CONVERSION = YES;
				CLANG_WARN_DEPRECATED_OBJC_IMPLEMENTATIONS = YES;
				CLANG_WARN_DIRECT_OBJC_ISA_USAGE = YES_ERROR;
				CLANG_WARN_DOCUMENTATION_COMMENTS = YES;
				CLANG_WARN_EMPTY_BODY = YES;
				CLANG_WARN_ENUM_CONVERSION = YES;
				CLANG_WARN_INFINITE_RECURSION = YES;
				CLANG_WARN_INT_CONVERSION = YES;
				CLANG_WARN_NON_LITERAL_NULL_CONVERSION = YES;
				CLANG_WARN_OBJC_IMPLICIT_RETAIN_SELF = YES;
				CLANG_WARN_OBJC_LITERAL_CONVERSION = YES;
				CLANG_WARN_OBJC_ROOT_CLASS = YES_ERROR;
				CLANG_WARN_RANGE_LOOP_ANALYSIS = YES;
				CLANG_WARN_STRICT_PROTOTYPES = YES;
				CLANG_WARN_SUSPICIOUS_MOVE = YES;
				CLANG_WARN_UNGUARDED_AVAILABILITY = YES_AGGRESSIVE;
				CLANG_WARN_UNREACHABLE_CODE = YES;
				CLANG_WARN__DUPLICATE_METHOD_MATCH = YES;
				CODE_SIGN_IDENTITY = "iPhone Developer";
				COPY_PHASE_STRIP = NO;
				DEBUG_INFORMATION_FORMAT = dwarf;
				ENABLE_STRICT_OBJC_MSGSEND = YES;
				ENABLE_TESTABILITY = YES;
				GCC_C_LANGUAGE_STANDARD = gnu11;
				GCC_DYNAMIC_NO_PIC = NO;
				GCC_NO_COMMON_BLOCKS = YES;
				GCC_OPTIMIZATION_LEVEL = 0;
				GCC_PREPROCESSOR_DEFINITIONS = (
					"DEBUG=1",
					"$(inherited)",
				);
				GCC_WARN_64_TO_32_BIT_CONVERSION = YES;
				GCC_WARN_ABOUT_RETURN_TYPE = YES_ERROR;
				GCC_WARN_UNDECLARED_SELECTOR = YES;
				GCC_WARN_UNINITIALIZED_AUTOS = YES_AGGRESSIVE;
				GCC_WARN_UNUSED_FUNCTION = YES;
				GCC_WARN_UNUSED_VARIABLE = YES;
				IPHONEOS_DEPLOYMENT_TARGET = 11.4;
				MTL_ENABLE_DEBUG_INFO = YES;
				ONLY_ACTIVE_ARCH = YES;
				SDKROOT = iphoneos;
				SWIFT_ACTIVE_COMPILATION_CONDITIONS = DEBUG;
				SWIFT_OPTIMIZATION_LEVEL = "-Onone";
			};
			name = Debug;
		};
		5E0354B9214A355E0040BC2E /* Release */ = {
			isa = XCBuildConfiguration;
			buildSettings = {
				ALWAYS_SEARCH_USER_PATHS = NO;
				CLANG_ANALYZER_NONNULL = YES;
				CLANG_ANALYZER_NUMBER_OBJECT_CONVERSION = YES_AGGRESSIVE;
				CLANG_CXX_LANGUAGE_STANDARD = "gnu++14";
				CLANG_CXX_LIBRARY = "libc++";
				CLANG_ENABLE_MODULES = YES;
				CLANG_ENABLE_OBJC_ARC = YES;
				CLANG_ENABLE_OBJC_WEAK = YES;
				CLANG_WARN_BLOCK_CAPTURE_AUTORELEASING = YES;
				CLANG_WARN_BOOL_CONVERSION = YES;
				CLANG_WARN_COMMA = YES;
				CLANG_WARN_CONSTANT_CONVERSION = YES;
				CLANG_WARN_DEPRECATED_OBJC_IMPLEMENTATIONS = YES;
				CLANG_WARN_DIRECT_OBJC_ISA_USAGE = YES_ERROR;
				CLANG_WARN_DOCUMENTATION_COMMENTS = YES;
				CLANG_WARN_EMPTY_BODY = YES;
				CLANG_WARN_ENUM_CONVERSION = YES;
				CLANG_WARN_INFINITE_RECURSION = YES;
				CLANG_WARN_INT_CONVERSION = YES;
				CLANG_WARN_NON_LITERAL_NULL_CONVERSION = YES;
				CLANG_WARN_OBJC_IMPLICIT_RETAIN_SELF = YES;
				CLANG_WARN_OBJC_LITERAL_CONVERSION = YES;
				CLANG_WARN_OBJC_ROOT_CLASS = YES_ERROR;
				CLANG_WARN_RANGE_LOOP_ANALYSIS = YES;
				CLANG_WARN_STRICT_PROTOTYPES = YES;
				CLANG_WARN_SUSPICIOUS_MOVE = YES;
				CLANG_WARN_UNGUARDED_AVAILABILITY = YES_AGGRESSIVE;
				CLANG_WARN_UNREACHABLE_CODE = YES;
				CLANG_WARN__DUPLICATE_METHOD_MATCH = YES;
				CODE_SIGN_IDENTITY = "iPhone Developer";
				COPY_PHASE_STRIP = NO;
				DEBUG_INFORMATION_FORMAT = "dwarf-with-dsym";
				ENABLE_NS_ASSERTIONS = NO;
				ENABLE_STRICT_OBJC_MSGSEND = YES;
				GCC_C_LANGUAGE_STANDARD = gnu11;
				GCC_NO_COMMON_BLOCKS = YES;
				GCC_WARN_64_TO_32_BIT_CONVERSION = YES;
				GCC_WARN_ABOUT_RETURN_TYPE = YES_ERROR;
				GCC_WARN_UNDECLARED_SELECTOR = YES;
				GCC_WARN_UNINITIALIZED_AUTOS = YES_AGGRESSIVE;
				GCC_WARN_UNUSED_FUNCTION = YES;
				GCC_WARN_UNUSED_VARIABLE = YES;
				IPHONEOS_DEPLOYMENT_TARGET = 11.4;
				MTL_ENABLE_DEBUG_INFO = NO;
				SDKROOT = iphoneos;
				SWIFT_COMPILATION_MODE = wholemodule;
				SWIFT_OPTIMIZATION_LEVEL = "-O";
				VALIDATE_PRODUCT = YES;
			};
			name = Release;
		};
		5E0354BB214A355E0040BC2E /* Debug */ = {
			isa = XCBuildConfiguration;
			baseConfigurationReference = B06D30B28AC5DD032E51AA6B /* Pods-PageProject.debug.xcconfig */;
			buildSettings = {
				ASSETCATALOG_COMPILER_APPICON_NAME = AppIcon;
				CODE_SIGN_STYLE = Automatic;
				DEVELOPMENT_TEAM = RR9UPNNCHZ;
				FRAMEWORK_SEARCH_PATHS = (
					"$(inherited)",
					"$(PROJECT_DIR)/PageProject/Vonder/SwViewCapture",
				);
				INFOPLIST_FILE = PageProject/Info.plist;
				IPHONEOS_DEPLOYMENT_TARGET = 9.0;
				LD_RUNPATH_SEARCH_PATHS = (
					"$(inherited)",
					"@executable_path/Frameworks",
				);
				"OTHER_SWIFT_FLAGS[arch=*]" = "$(inherited) \"-D\" \"COCOAPODS\" -D DEBUG";
				PRODUCT_BUNDLE_IDENTIFIER = Demo.PageProject;
				PRODUCT_NAME = "$(TARGET_NAME)";
				SWIFT_VERSION = 4.0;
				TARGETED_DEVICE_FAMILY = "1,2";
			};
			name = Debug;
		};
		5E0354BC214A355E0040BC2E /* Release */ = {
			isa = XCBuildConfiguration;
			baseConfigurationReference = D07E8CD7BB9F8AB1F85CB87F /* Pods-PageProject.release.xcconfig */;
			buildSettings = {
				ASSETCATALOG_COMPILER_APPICON_NAME = AppIcon;
				CODE_SIGN_STYLE = Automatic;
				DEVELOPMENT_TEAM = RR9UPNNCHZ;
				FRAMEWORK_SEARCH_PATHS = (
					"$(inherited)",
					"$(PROJECT_DIR)/PageProject/Vonder/SwViewCapture",
				);
				INFOPLIST_FILE = PageProject/Info.plist;
				IPHONEOS_DEPLOYMENT_TARGET = 9.0;
				LD_RUNPATH_SEARCH_PATHS = (
					"$(inherited)",
					"@executable_path/Frameworks",
				);
				PRODUCT_BUNDLE_IDENTIFIER = Demo.PageProject;
				PRODUCT_NAME = "$(TARGET_NAME)";
				SWIFT_VERSION = 4.0;
				TARGETED_DEVICE_FAMILY = "1,2";
			};
			name = Release;
		};
		5E0354BE214A355E0040BC2E /* Debug */ = {
			isa = XCBuildConfiguration;
			buildSettings = {
				ALWAYS_EMBED_SWIFT_STANDARD_LIBRARIES = YES;
				BUNDLE_LOADER = "$(TEST_HOST)";
				CODE_SIGN_STYLE = Automatic;
				INFOPLIST_FILE = PageProjectTests/Info.plist;
				LD_RUNPATH_SEARCH_PATHS = (
					"$(inherited)",
					"@executable_path/Frameworks",
					"@loader_path/Frameworks",
				);
				PRODUCT_BUNDLE_IDENTIFIER = Demo.PageProjectTests;
				PRODUCT_NAME = "$(TARGET_NAME)";
				SWIFT_VERSION = 4.0;
				TARGETED_DEVICE_FAMILY = "1,2";
				TEST_HOST = "$(BUILT_PRODUCTS_DIR)/PageProject.app/PageProject";
			};
			name = Debug;
		};
		5E0354BF214A355E0040BC2E /* Release */ = {
			isa = XCBuildConfiguration;
			buildSettings = {
				ALWAYS_EMBED_SWIFT_STANDARD_LIBRARIES = YES;
				BUNDLE_LOADER = "$(TEST_HOST)";
				CODE_SIGN_STYLE = Automatic;
				INFOPLIST_FILE = PageProjectTests/Info.plist;
				LD_RUNPATH_SEARCH_PATHS = (
					"$(inherited)",
					"@executable_path/Frameworks",
					"@loader_path/Frameworks",
				);
				PRODUCT_BUNDLE_IDENTIFIER = Demo.PageProjectTests;
				PRODUCT_NAME = "$(TARGET_NAME)";
				SWIFT_VERSION = 4.0;
				TARGETED_DEVICE_FAMILY = "1,2";
				TEST_HOST = "$(BUILT_PRODUCTS_DIR)/PageProject.app/PageProject";
			};
			name = Release;
		};
		5E0354C1214A355E0040BC2E /* Debug */ = {
			isa = XCBuildConfiguration;
			buildSettings = {
				ALWAYS_EMBED_SWIFT_STANDARD_LIBRARIES = YES;
				CODE_SIGN_STYLE = Automatic;
				INFOPLIST_FILE = PageProjectUITests/Info.plist;
				LD_RUNPATH_SEARCH_PATHS = (
					"$(inherited)",
					"@executable_path/Frameworks",
					"@loader_path/Frameworks",
				);
				PRODUCT_BUNDLE_IDENTIFIER = Demo.PageProjectUITests;
				PRODUCT_NAME = "$(TARGET_NAME)";
				SWIFT_VERSION = 4.0;
				TARGETED_DEVICE_FAMILY = "1,2";
				TEST_TARGET_NAME = PageProject;
			};
			name = Debug;
		};
		5E0354C2214A355E0040BC2E /* Release */ = {
			isa = XCBuildConfiguration;
			buildSettings = {
				ALWAYS_EMBED_SWIFT_STANDARD_LIBRARIES = YES;
				CODE_SIGN_STYLE = Automatic;
				INFOPLIST_FILE = PageProjectUITests/Info.plist;
				LD_RUNPATH_SEARCH_PATHS = (
					"$(inherited)",
					"@executable_path/Frameworks",
					"@loader_path/Frameworks",
				);
				PRODUCT_BUNDLE_IDENTIFIER = Demo.PageProjectUITests;
				PRODUCT_NAME = "$(TARGET_NAME)";
				SWIFT_VERSION = 4.0;
				TARGETED_DEVICE_FAMILY = "1,2";
				TEST_TARGET_NAME = PageProject;
			};
			name = Release;
		};
/* End XCBuildConfiguration section */

/* Begin XCConfigurationList section */
		5E03548A214A355C0040BC2E /* Build configuration list for PBXProject "PageProject" */ = {
			isa = XCConfigurationList;
			buildConfigurations = (
				5E0354B8214A355E0040BC2E /* Debug */,
				5E0354B9214A355E0040BC2E /* Release */,
			);
			defaultConfigurationIsVisible = 0;
			defaultConfigurationName = Release;
		};
		5E0354BA214A355E0040BC2E /* Build configuration list for PBXNativeTarget "PageProject" */ = {
			isa = XCConfigurationList;
			buildConfigurations = (
				5E0354BB214A355E0040BC2E /* Debug */,
				5E0354BC214A355E0040BC2E /* Release */,
			);
			defaultConfigurationIsVisible = 0;
			defaultConfigurationName = Release;
		};
		5E0354BD214A355E0040BC2E /* Build configuration list for PBXNativeTarget "PageProjectTests" */ = {
			isa = XCConfigurationList;
			buildConfigurations = (
				5E0354BE214A355E0040BC2E /* Debug */,
				5E0354BF214A355E0040BC2E /* Release */,
			);
			defaultConfigurationIsVisible = 0;
			defaultConfigurationName = Release;
		};
		5E0354C0214A355E0040BC2E /* Build configuration list for PBXNativeTarget "PageProjectUITests" */ = {
			isa = XCConfigurationList;
			buildConfigurations = (
				5E0354C1214A355E0040BC2E /* Debug */,
				5E0354C2214A355E0040BC2E /* Release */,
			);
			defaultConfigurationIsVisible = 0;
			defaultConfigurationName = Release;
		};
/* End XCConfigurationList section */

/* Begin XCVersionGroup section */
		5E035499214A355C0040BC2E /* PageProject.xcdatamodeld */ = {
			isa = XCVersionGroup;
			children = (
				5E03549A214A355C0040BC2E /* PageProject.xcdatamodel */,
			);
			currentVersion = 5E03549A214A355C0040BC2E /* PageProject.xcdatamodel */;
			path = PageProject.xcdatamodeld;
			sourceTree = "<group>";
			versionGroupType = wrapper.xcdatamodel;
		};
/* End XCVersionGroup section */
	};
	rootObject = 5E035487214A355C0040BC2E /* Project object */;
}
